
Microsoft Visual Studio Solution File, Format Version 12.00
# Visual Studio 14
VisualStudioVersion = 14.0.25420.1
MinimumVisualStudioVersion = 10.0.40219.1
Project("{FAE04EC0-301F-11D3-BF4B-00C04F79EFBC}") = "PT.PM", "PT.PM\PT.PM.csproj", "{ECB44673-2FB0-49E1-811F-973E3FA4DD22}"
EndProject
Project("{FAE04EC0-301F-11D3-BF4B-00C04F79EFBC}") = "PT.PM.Tests", "PT.PM.Tests\PT.PM.Tests.csproj", "{104F9633-F7A6-4840-A3AD-8D9FD96B39BF}"
EndProject
Project("{FAE04EC0-301F-11D3-BF4B-00C04F79EFBC}") = "PT.PM.Matching", "PT.PM.Matching\PT.PM.Matching.csproj", "{9215DF23-07BE-49AA-90A0-ED1C542C388C}"
EndProject
Project("{FAE04EC0-301F-11D3-BF4B-00C04F79EFBC}") = "PT.PM.Patterns", "PT.PM.Patterns\PT.PM.Patterns.csproj", "{2A6F7AC9-92AA-48B8-A53B-50770424C9B6}"
EndProject
Project("{FAE04EC0-301F-11D3-BF4B-00C04F79EFBC}") = "PT.PM.Matching.Tests", "PT.PM.Matching.Tests\PT.PM.Matching.Tests.csproj", "{F9D784D4-36E4-49F8-BEA4-38BDBB6910D8}"
EndProject
Project("{FAE04EC0-301F-11D3-BF4B-00C04F79EFBC}") = "PT.PM.Console", "PT.PM.Console\PT.PM.Console.csproj", "{349B2AEF-FA81-401F-A8BD-C53EE7231544}"
EndProject
Project("{FAE04EC0-301F-11D3-BF4B-00C04F79EFBC}") = "PT.PM.Common", "PT.PM.Common\PT.PM.Common.csproj", "{0B10DBAE-C18D-4007-B799-0B3B1E00376E}"
EndProject
Project("{FAE04EC0-301F-11D3-BF4B-00C04F79EFBC}") = "PT.PM.Common.Tests", "PT.PM.Common.Tests\PT.PM.Common.Tests.csproj", "{BCB2FD80-7873-4DBA-B911-6B9C80095C21}"
EndProject
Project("{FAE04EC0-301F-11D3-BF4B-00C04F79EFBC}") = "PT.PM.CSharpUstConversion", "PT.PM.CSharpUstConversion\PT.PM.CSharpUstConversion.csproj", "{3B09E6EC-8069-4ED3-AAD8-145953FD7DCA}"
EndProject
Project("{FAE04EC0-301F-11D3-BF4B-00C04F79EFBC}") = "PT.PM.CSharpUstConversion.Tests", "PT.PM.CSharpUstConversion.Tests\PT.PM.CSharpUstConversion.Tests.csproj", "{E3DB8014-0BFB-4399-9B49-A8BE446C5049}"
EndProject
Project("{FAE04EC0-301F-11D3-BF4B-00C04F79EFBC}") = "PT.PM.PhpUstConversion", "PT.PM.PhpUstConversion\PT.PM.PhpUstConversion.csproj", "{08FBC341-AC44-4CAE-AE71-9462F7885E3E}"
EndProject
Project("{FAE04EC0-301F-11D3-BF4B-00C04F79EFBC}") = "PT.PM.PhpUstConversion.Tests", "PT.PM.PhpUstConversion.Tests\PT.PM.PhpUstConversion.Tests.csproj", "{933DCCA3-B5D1-45AE-ACAB-1672D71BC349}"
EndProject
Project("{FAE04EC0-301F-11D3-BF4B-00C04F79EFBC}") = "PT.PM.JavaUstConversion.Tests", "PT.PM.JavaUstConversion.Tests\PT.PM.JavaUstConversion.Tests.csproj", "{47F5B401-E788-494E-89C8-A8CA0B6917C4}"
EndProject
Project("{FAE04EC0-301F-11D3-BF4B-00C04F79EFBC}") = "PT.PM.AntlrUtils", "PT.PM.AntlrUtils\PT.PM.AntlrUtils.csproj", "{2B5519C9-4566-4743-A14A-66234299CDB8}"
EndProject
Project("{FAE04EC0-301F-11D3-BF4B-00C04F79EFBC}") = "PT.PM.JavaUstConversion", "PT.PM.JavaUstConversion\PT.PM.JavaUstConversion.csproj", "{F5E3CE00-6854-4FA8-ADD2-0248DF6D85DB}"
EndProject
Project("{FAE04EC0-301F-11D3-BF4B-00C04F79EFBC}") = "PT.PM.Dsl", "PT.PM.Dsl\PT.PM.Dsl.csproj", "{0CC3091C-DB40-49D1-AC8F-3ACCABCAD952}"
EndProject
Project("{FAE04EC0-301F-11D3-BF4B-00C04F79EFBC}") = "PT.PM.Dsl.Tests", "PT.PM.Dsl.Tests\PT.PM.Dsl.Tests.csproj", "{370AF0EE-1080-4785-A65C-6F471E64B6D2}"
EndProject
Project("{2150E333-8FDC-42A3-9474-1A3956D46DE8}") = "SolutionItems", "SolutionItems", "{553BE5D1-E6F1-4DDD-97E8-F7C73F4F684C}"
	ProjectSection(SolutionItems) = preProject
		AssemblyInfoCommon.cs = AssemblyInfoCommon.cs
	EndProjectSection
EndProject
Project("{FAE04EC0-301F-11D3-BF4B-00C04F79EFBC}") = "PT.PM.SqlUstConversion", "PT.PM.SqlUstConversion\PT.PM.SqlUstConversion.csproj", "{8F34670A-B91D-460B-9D67-7A03F7194673}"
EndProject
Project("{FAE04EC0-301F-11D3-BF4B-00C04F79EFBC}") = "PT.PM.SqlUstConversion.Tests", "PT.PM.SqlUstConversion.Tests\PT.PM.SqlUstConversion.Tests.csproj", "{EEBBE595-2478-40B1-A147-7F44E40A2686}"
EndProject
Project("{FAE04EC0-301F-11D3-BF4B-00C04F79EFBC}") = "PT.PM.UstPreprocessing", "PT.PM.UstPreprocessing\PT.PM.UstPreprocessing.csproj", "{6B3D2A76-9A11-4C40-97E1-18EA210376B2}"
EndProject
Project("{FAE04EC0-301F-11D3-BF4B-00C04F79EFBC}") = "PT.PM.UstPreprocessing.Tests", "PT.PM.UstPreprocessing.Tests\PT.PM.UstPreprocessing.Tests.csproj", "{43651FD8-2C13-4DE9-B424-5FDB91000625}"
EndProject
Project("{FAE04EC0-301F-11D3-BF4B-00C04F79EFBC}") = "PT.PM.Console.Tests", "PT.PM.Console.Tests\PT.PM.Console.Tests.csproj", "{836A5763-216D-4596-94B6-5F60E7F0655C}"
EndProject
Project("{FAE04EC0-301F-11D3-BF4B-00C04F79EFBC}") = "PT.PM.Prebuild", "PT.PM.Prebuild\PT.PM.Prebuild.csproj", "{0292CE45-BBA4-46B8-ADE4-3C39162C1F46}"
EndProject
Project("{FAE04EC0-301F-11D3-BF4B-00C04F79EFBC}") = "AspxParser", "AspxParser\AspxParser\AspxParser.csproj", "{88AF3957-A64A-4715-ADE5-3BE099034BDD}"
EndProject
Project("{FAE04EC0-301F-11D3-BF4B-00C04F79EFBC}") = "PT.PM.JavaScriptUstConversion", "PT.PM.JavaScriptUstConversion\PT.PM.JavaScriptUstConversion.csproj", "{98727837-F9FA-476C-B0B5-88845B53FDDF}"
EndProject
Project("{FAE04EC0-301F-11D3-BF4B-00C04F79EFBC}") = "PT.PM.JavaScriptUstConversion.Tests", "PT.PM.JavaScriptUstConversion.Tests\PT.PM.JavaScriptUstConversion.Tests.csproj", "{CC787B80-B003-4F07-8DDD-0E7EF0E9E4CA}"
EndProject
Global
	GlobalSection(SolutionConfigurationPlatforms) = preSolution
		Debug|Any CPU = Debug|Any CPU
		Release|Any CPU = Release|Any CPU
	EndGlobalSection
	GlobalSection(ProjectConfigurationPlatforms) = postSolution
		{ECB44673-2FB0-49E1-811F-973E3FA4DD22}.Debug|Any CPU.ActiveCfg = Debug|Any CPU
		{ECB44673-2FB0-49E1-811F-973E3FA4DD22}.Debug|Any CPU.Build.0 = Debug|Any CPU
		{ECB44673-2FB0-49E1-811F-973E3FA4DD22}.Release|Any CPU.ActiveCfg = Release|Any CPU
		{ECB44673-2FB0-49E1-811F-973E3FA4DD22}.Release|Any CPU.Build.0 = Release|Any CPU
		{104F9633-F7A6-4840-A3AD-8D9FD96B39BF}.Debug|Any CPU.ActiveCfg = Debug|Any CPU
		{104F9633-F7A6-4840-A3AD-8D9FD96B39BF}.Debug|Any CPU.Build.0 = Debug|Any CPU
		{104F9633-F7A6-4840-A3AD-8D9FD96B39BF}.Release|Any CPU.ActiveCfg = Release|Any CPU
		{104F9633-F7A6-4840-A3AD-8D9FD96B39BF}.Release|Any CPU.Build.0 = Release|Any CPU
		{9215DF23-07BE-49AA-90A0-ED1C542C388C}.Debug|Any CPU.ActiveCfg = Debug|Any CPU
		{9215DF23-07BE-49AA-90A0-ED1C542C388C}.Debug|Any CPU.Build.0 = Debug|Any CPU
		{9215DF23-07BE-49AA-90A0-ED1C542C388C}.Release|Any CPU.ActiveCfg = Release|Any CPU
		{9215DF23-07BE-49AA-90A0-ED1C542C388C}.Release|Any CPU.Build.0 = Release|Any CPU
		{2A6F7AC9-92AA-48B8-A53B-50770424C9B6}.Debug|Any CPU.ActiveCfg = Debug|Any CPU
		{2A6F7AC9-92AA-48B8-A53B-50770424C9B6}.Debug|Any CPU.Build.0 = Debug|Any CPU
		{2A6F7AC9-92AA-48B8-A53B-50770424C9B6}.Release|Any CPU.ActiveCfg = Release|Any CPU
		{2A6F7AC9-92AA-48B8-A53B-50770424C9B6}.Release|Any CPU.Build.0 = Release|Any CPU
		{F9D784D4-36E4-49F8-BEA4-38BDBB6910D8}.Debug|Any CPU.ActiveCfg = Debug|Any CPU
		{F9D784D4-36E4-49F8-BEA4-38BDBB6910D8}.Debug|Any CPU.Build.0 = Debug|Any CPU
		{F9D784D4-36E4-49F8-BEA4-38BDBB6910D8}.Release|Any CPU.ActiveCfg = Release|Any CPU
		{F9D784D4-36E4-49F8-BEA4-38BDBB6910D8}.Release|Any CPU.Build.0 = Release|Any CPU
		{349B2AEF-FA81-401F-A8BD-C53EE7231544}.Debug|Any CPU.ActiveCfg = Debug|Any CPU
		{349B2AEF-FA81-401F-A8BD-C53EE7231544}.Debug|Any CPU.Build.0 = Debug|Any CPU
		{349B2AEF-FA81-401F-A8BD-C53EE7231544}.Release|Any CPU.ActiveCfg = Release|Any CPU
		{349B2AEF-FA81-401F-A8BD-C53EE7231544}.Release|Any CPU.Build.0 = Release|Any CPU
		{0B10DBAE-C18D-4007-B799-0B3B1E00376E}.Debug|Any CPU.ActiveCfg = Debug|Any CPU
		{0B10DBAE-C18D-4007-B799-0B3B1E00376E}.Debug|Any CPU.Build.0 = Debug|Any CPU
		{0B10DBAE-C18D-4007-B799-0B3B1E00376E}.Release|Any CPU.ActiveCfg = Release|Any CPU
		{0B10DBAE-C18D-4007-B799-0B3B1E00376E}.Release|Any CPU.Build.0 = Release|Any CPU
		{BCB2FD80-7873-4DBA-B911-6B9C80095C21}.Debug|Any CPU.ActiveCfg = Debug|Any CPU
		{BCB2FD80-7873-4DBA-B911-6B9C80095C21}.Debug|Any CPU.Build.0 = Debug|Any CPU
		{BCB2FD80-7873-4DBA-B911-6B9C80095C21}.Release|Any CPU.ActiveCfg = Release|Any CPU
		{BCB2FD80-7873-4DBA-B911-6B9C80095C21}.Release|Any CPU.Build.0 = Release|Any CPU
		{3B09E6EC-8069-4ED3-AAD8-145953FD7DCA}.Debug|Any CPU.ActiveCfg = Debug|Any CPU
		{3B09E6EC-8069-4ED3-AAD8-145953FD7DCA}.Debug|Any CPU.Build.0 = Debug|Any CPU
		{3B09E6EC-8069-4ED3-AAD8-145953FD7DCA}.Release|Any CPU.ActiveCfg = Release|Any CPU
		{3B09E6EC-8069-4ED3-AAD8-145953FD7DCA}.Release|Any CPU.Build.0 = Release|Any CPU
		{E3DB8014-0BFB-4399-9B49-A8BE446C5049}.Debug|Any CPU.ActiveCfg = Debug|Any CPU
		{E3DB8014-0BFB-4399-9B49-A8BE446C5049}.Debug|Any CPU.Build.0 = Debug|Any CPU
		{E3DB8014-0BFB-4399-9B49-A8BE446C5049}.Release|Any CPU.ActiveCfg = Release|Any CPU
		{E3DB8014-0BFB-4399-9B49-A8BE446C5049}.Release|Any CPU.Build.0 = Release|Any CPU
		{08FBC341-AC44-4CAE-AE71-9462F7885E3E}.Debug|Any CPU.ActiveCfg = Debug|Any CPU
		{08FBC341-AC44-4CAE-AE71-9462F7885E3E}.Debug|Any CPU.Build.0 = Debug|Any CPU
		{08FBC341-AC44-4CAE-AE71-9462F7885E3E}.Release|Any CPU.ActiveCfg = Release|Any CPU
		{08FBC341-AC44-4CAE-AE71-9462F7885E3E}.Release|Any CPU.Build.0 = Release|Any CPU
		{933DCCA3-B5D1-45AE-ACAB-1672D71BC349}.Debug|Any CPU.ActiveCfg = Debug|Any CPU
		{933DCCA3-B5D1-45AE-ACAB-1672D71BC349}.Debug|Any CPU.Build.0 = Debug|Any CPU
		{933DCCA3-B5D1-45AE-ACAB-1672D71BC349}.Release|Any CPU.ActiveCfg = Release|Any CPU
		{933DCCA3-B5D1-45AE-ACAB-1672D71BC349}.Release|Any CPU.Build.0 = Release|Any CPU
		{47F5B401-E788-494E-89C8-A8CA0B6917C4}.Debug|Any CPU.ActiveCfg = Debug|Any CPU
		{47F5B401-E788-494E-89C8-A8CA0B6917C4}.Debug|Any CPU.Build.0 = Debug|Any CPU
		{47F5B401-E788-494E-89C8-A8CA0B6917C4}.Release|Any CPU.ActiveCfg = Release|Any CPU
		{47F5B401-E788-494E-89C8-A8CA0B6917C4}.Release|Any CPU.Build.0 = Release|Any CPU
		{2B5519C9-4566-4743-A14A-66234299CDB8}.Debug|Any CPU.ActiveCfg = Debug|Any CPU
		{2B5519C9-4566-4743-A14A-66234299CDB8}.Debug|Any CPU.Build.0 = Debug|Any CPU
		{2B5519C9-4566-4743-A14A-66234299CDB8}.Release|Any CPU.ActiveCfg = Release|Any CPU
		{2B5519C9-4566-4743-A14A-66234299CDB8}.Release|Any CPU.Build.0 = Release|Any CPU
		{F5E3CE00-6854-4FA8-ADD2-0248DF6D85DB}.Debug|Any CPU.ActiveCfg = Debug|Any CPU
		{F5E3CE00-6854-4FA8-ADD2-0248DF6D85DB}.Debug|Any CPU.Build.0 = Debug|Any CPU
		{F5E3CE00-6854-4FA8-ADD2-0248DF6D85DB}.Release|Any CPU.ActiveCfg = Release|Any CPU
		{F5E3CE00-6854-4FA8-ADD2-0248DF6D85DB}.Release|Any CPU.Build.0 = Release|Any CPU
		{0CC3091C-DB40-49D1-AC8F-3ACCABCAD952}.Debug|Any CPU.ActiveCfg = Debug|Any CPU
		{0CC3091C-DB40-49D1-AC8F-3ACCABCAD952}.Debug|Any CPU.Build.0 = Debug|Any CPU
		{0CC3091C-DB40-49D1-AC8F-3ACCABCAD952}.Release|Any CPU.ActiveCfg = Release|Any CPU
		{0CC3091C-DB40-49D1-AC8F-3ACCABCAD952}.Release|Any CPU.Build.0 = Release|Any CPU
		{370AF0EE-1080-4785-A65C-6F471E64B6D2}.Debug|Any CPU.ActiveCfg = Debug|Any CPU
		{370AF0EE-1080-4785-A65C-6F471E64B6D2}.Debug|Any CPU.Build.0 = Debug|Any CPU
		{370AF0EE-1080-4785-A65C-6F471E64B6D2}.Release|Any CPU.ActiveCfg = Release|Any CPU
		{370AF0EE-1080-4785-A65C-6F471E64B6D2}.Release|Any CPU.Build.0 = Release|Any CPU
		{8F34670A-B91D-460B-9D67-7A03F7194673}.Debug|Any CPU.ActiveCfg = Debug|Any CPU
		{8F34670A-B91D-460B-9D67-7A03F7194673}.Debug|Any CPU.Build.0 = Debug|Any CPU
		{8F34670A-B91D-460B-9D67-7A03F7194673}.Release|Any CPU.ActiveCfg = Release|Any CPU
		{8F34670A-B91D-460B-9D67-7A03F7194673}.Release|Any CPU.Build.0 = Release|Any CPU
		{EEBBE595-2478-40B1-A147-7F44E40A2686}.Debug|Any CPU.ActiveCfg = Debug|Any CPU
		{EEBBE595-2478-40B1-A147-7F44E40A2686}.Debug|Any CPU.Build.0 = Debug|Any CPU
		{EEBBE595-2478-40B1-A147-7F44E40A2686}.Release|Any CPU.ActiveCfg = Release|Any CPU
		{EEBBE595-2478-40B1-A147-7F44E40A2686}.Release|Any CPU.Build.0 = Release|Any CPU
		{6B3D2A76-9A11-4C40-97E1-18EA210376B2}.Debug|Any CPU.ActiveCfg = Debug|Any CPU
		{6B3D2A76-9A11-4C40-97E1-18EA210376B2}.Debug|Any CPU.Build.0 = Debug|Any CPU
		{6B3D2A76-9A11-4C40-97E1-18EA210376B2}.Release|Any CPU.ActiveCfg = Release|Any CPU
		{6B3D2A76-9A11-4C40-97E1-18EA210376B2}.Release|Any CPU.Build.0 = Release|Any CPU
		{43651FD8-2C13-4DE9-B424-5FDB91000625}.Debug|Any CPU.ActiveCfg = Debug|Any CPU
		{43651FD8-2C13-4DE9-B424-5FDB91000625}.Debug|Any CPU.Build.0 = Debug|Any CPU
		{43651FD8-2C13-4DE9-B424-5FDB91000625}.Release|Any CPU.ActiveCfg = Release|Any CPU
		{43651FD8-2C13-4DE9-B424-5FDB91000625}.Release|Any CPU.Build.0 = Release|Any CPU
		{836A5763-216D-4596-94B6-5F60E7F0655C}.Debug|Any CPU.ActiveCfg = Debug|Any CPU
		{836A5763-216D-4596-94B6-5F60E7F0655C}.Debug|Any CPU.Build.0 = Debug|Any CPU
		{836A5763-216D-4596-94B6-5F60E7F0655C}.Release|Any CPU.ActiveCfg = Release|Any CPU
		{836A5763-216D-4596-94B6-5F60E7F0655C}.Release|Any CPU.Build.0 = Release|Any CPU
		{0292CE45-BBA4-46B8-ADE4-3C39162C1F46}.Debug|Any CPU.ActiveCfg = Debug|Any CPU
		{0292CE45-BBA4-46B8-ADE4-3C39162C1F46}.Debug|Any CPU.Build.0 = Debug|Any CPU
		{0292CE45-BBA4-46B8-ADE4-3C39162C1F46}.Release|Any CPU.ActiveCfg = Release|Any CPU
		{0292CE45-BBA4-46B8-ADE4-3C39162C1F46}.Release|Any CPU.Build.0 = Release|Any CPU
		{88AF3957-A64A-4715-ADE5-3BE099034BDD}.Debug|Any CPU.ActiveCfg = Debug|Any CPU
		{88AF3957-A64A-4715-ADE5-3BE099034BDD}.Debug|Any CPU.Build.0 = Debug|Any CPU
		{88AF3957-A64A-4715-ADE5-3BE099034BDD}.Release|Any CPU.ActiveCfg = Release|Any CPU
		{88AF3957-A64A-4715-ADE5-3BE099034BDD}.Release|Any CPU.Build.0 = Release|Any CPU
		{98727837-F9FA-476C-B0B5-88845B53FDDF}.Debug|Any CPU.ActiveCfg = Debug|Any CPU
		{98727837-F9FA-476C-B0B5-88845B53FDDF}.Debug|Any CPU.Build.0 = Debug|Any CPU
		{98727837-F9FA-476C-B0B5-88845B53FDDF}.Release|Any CPU.ActiveCfg = Release|Any CPU
		{98727837-F9FA-476C-B0B5-88845B53FDDF}.Release|Any CPU.Build.0 = Release|Any CPU
		{CC787B80-B003-4F07-8DDD-0E7EF0E9E4CA}.Debug|Any CPU.ActiveCfg = Debug|Any CPU
		{CC787B80-B003-4F07-8DDD-0E7EF0E9E4CA}.Debug|Any CPU.Build.0 = Debug|Any CPU
		{CC787B80-B003-4F07-8DDD-0E7EF0E9E4CA}.Release|Any CPU.ActiveCfg = Release|Any CPU
		{CC787B80-B003-4F07-8DDD-0E7EF0E9E4CA}.Release|Any CPU.Build.0 = Release|Any CPU
	EndGlobalSection
	GlobalSection(SolutionProperties) = preSolution
		HideSolutionNode = FALSE
	EndGlobalSection
EndGlobal
