
Microsoft Visual Studio Solution File, Format Version 12.00
# Visual Studio 15
VisualStudioVersion = 15.0.27130.2036
MinimumVisualStudioVersion = 10.0.40219.1
Project("{9A19103F-16F7-4668-BE54-9A1E7A4F7556}") = "PT.PM", "PT.PM\PT.PM.csproj", "{ECB44673-2FB0-49E1-811F-973E3FA4DD22}"
EndProject
Project("{9A19103F-16F7-4668-BE54-9A1E7A4F7556}") = "PT.PM.Matching", "PT.PM.Matching\PT.PM.Matching.csproj", "{9215DF23-07BE-49AA-90A0-ED1C542C388C}"
EndProject
Project("{9A19103F-16F7-4668-BE54-9A1E7A4F7556}") = "PT.PM.Patterns", "PT.PM.Patterns\PT.PM.Patterns.csproj", "{2A6F7AC9-92AA-48B8-A53B-50770424C9B6}"
EndProject
Project("{9A19103F-16F7-4668-BE54-9A1E7A4F7556}") = "PT.PM.CSharpParseTreeUst", "PT.PM.CSharpParseTreeUst\PT.PM.CSharpParseTreeUst.csproj", "{3B09E6EC-8069-4ED3-AAD8-145953FD7DCA}"
EndProject
Project("{9A19103F-16F7-4668-BE54-9A1E7A4F7556}") = "PT.PM.PhpParseTreeUst", "PT.PM.PhpParseTreeUst\PT.PM.PhpParseTreeUst.csproj", "{08FBC341-AC44-4CAE-AE71-9462F7885E3E}"
EndProject
Project("{9A19103F-16F7-4668-BE54-9A1E7A4F7556}") = "PT.PM.Dsl", "PT.PM.Dsl\PT.PM.Dsl.csproj", "{0CC3091C-DB40-49D1-AC8F-3ACCABCAD952}"
EndProject
Project("{2150E333-8FDC-42A3-9474-1A3956D46DE8}") = "SolutionItems", "SolutionItems", "{553BE5D1-E6F1-4DDD-97E8-F7C73F4F684C}"
	ProjectSection(SolutionItems) = preProject
		..\appveyor.yml = ..\appveyor.yml
		AssemblyInfoCommon.cs = AssemblyInfoCommon.cs
		..\generate.cmd = ..\generate.cmd
		PT.PM.ico = PT.PM.ico
	EndProjectSection
EndProject
Project("{9A19103F-16F7-4668-BE54-9A1E7A4F7556}") = "AspxParser", "AspxParser\AspxParser\AspxParser.csproj", "{88AF3957-A64A-4715-ADE5-3BE099034BDD}"
EndProject
Project("{9A19103F-16F7-4668-BE54-9A1E7A4F7556}") = "PT.PM.JavaScriptParseTreeUst", "PT.PM.JavaScriptParseTreeUst\PT.PM.JavaScriptParseTreeUst.csproj", "{98727837-F9FA-476C-B0B5-88845B53FDDF}"
EndProject
Project("{9A19103F-16F7-4668-BE54-9A1E7A4F7556}") = "PT.PM.TestUtils", "PT.PM.TestUtils\PT.PM.TestUtils.csproj", "{FEC55A64-1B65-4D39-B5FA-D559D55BB190}"
EndProject
Project("{9A19103F-16F7-4668-BE54-9A1E7A4F7556}") = "PT.PM.JavaParseTreeUst", "PT.PM.JavaParseTreeUst\PT.PM.JavaParseTreeUst.csproj", "{AA275980-E6C1-4D84-A505-26703CF8E15A}"
EndProject
Project("{9A19103F-16F7-4668-BE54-9A1E7A4F7556}") = "PT.PM.AntlrUtils", "PT.PM.AntlrUtils\PT.PM.AntlrUtils.csproj", "{0FBEE2FF-027B-4489-B94F-B5F6CAC26799}"
EndProject
Project("{9A19103F-16F7-4668-BE54-9A1E7A4F7556}") = "PT.PM.Common", "PT.PM.Common\PT.PM.Common.csproj", "{82402704-16F1-476B-8670-6836340612F3}"
EndProject
Project("{9A19103F-16F7-4668-BE54-9A1E7A4F7556}") = "PT.PM.CSharpParseTreeUst.Tests", "PT.PM.CSharpParseTreeUst.Tests\PT.PM.CSharpParseTreeUst.Tests.csproj", "{3B48BBD7-FC67-4B78-825A-193024561631}"
EndProject
Project("{9A19103F-16F7-4668-BE54-9A1E7A4F7556}") = "PT.PM.JavaParseTreeUst.Tests", "PT.PM.JavaParseTreeUst.Tests\PT.PM.JavaParseTreeUst.Tests.csproj", "{91EF6715-8D6B-4DD2-A1CF-F15838B844BA}"
EndProject
Project("{9A19103F-16F7-4668-BE54-9A1E7A4F7556}") = "PT.PM.JavaScriptParseTreeUst.Tests", "PT.PM.JavaScriptParseTreeUst.Tests\PT.PM.JavaScriptParseTreeUst.Tests.csproj", "{F57458AA-3144-4EA8-AC8A-1C2554651988}"
EndProject
Project("{9A19103F-16F7-4668-BE54-9A1E7A4F7556}") = "PT.PM.Matching.Tests", "PT.PM.Matching.Tests\PT.PM.Matching.Tests.csproj", "{F81096DB-27A8-407B-96C1-D82E72413025}"
EndProject
Project("{9A19103F-16F7-4668-BE54-9A1E7A4F7556}") = "PT.PM.PhpParseTreeUst.Tests", "PT.PM.PhpParseTreeUst.Tests\PT.PM.PhpParseTreeUst.Tests.csproj", "{F0501372-F5A0-481E-9B15-379028016D5E}"
EndProject
Project("{9A19103F-16F7-4668-BE54-9A1E7A4F7556}") = "PT.PM.SqlParseTreeUst.Tests", "PT.PM.SqlParseTreeUst.Tests\PT.PM.SqlParseTreeUst.Tests.csproj", "{5D0C1070-A0CF-41D5-977B-F2427C297F57}"
EndProject
Project("{9A19103F-16F7-4668-BE54-9A1E7A4F7556}") = "PT.PM.Tests", "PT.PM.Tests\PT.PM.Tests.csproj", "{2CE9940C-7773-4275-9E9F-D92F6D400ADF}"
EndProject
Project("{9A19103F-16F7-4668-BE54-9A1E7A4F7556}") = "PT.PM.Dsl.Tests", "PT.PM.Dsl.Tests\PT.PM.Dsl.Tests.csproj", "{40CFBDF0-A515-4FF9-8C82-4EB7456F685B}"
EndProject
Project("{9A19103F-16F7-4668-BE54-9A1E7A4F7556}") = "PT.PM.Cli.Tests", "PT.PM.Cli.Tests\PT.PM.Cli.Tests.csproj", "{79923883-1FC8-4000-A1E8-CBE48F1B7844}"
EndProject
Project("{9A19103F-16F7-4668-BE54-9A1E7A4F7556}") = "PT.PM.Cli", "PT.PM.Cli\PT.PM.Cli.csproj", "{6216A5F2-5F20-47EA-ADF0-98FB7A596CD3}"
EndProject
Project("{9A19103F-16F7-4668-BE54-9A1E7A4F7556}") = "PT.PM.PatternEditor", "PT.PM.PatternEditor\PT.PM.PatternEditor.csproj", "{4B81E50D-478F-47E6-8D41-2649703B707A}"
EndProject
Project("{9A19103F-16F7-4668-BE54-9A1E7A4F7556}") = "PT.PM.TSqlParseTreeUst", "PT.PM.TSqlParseTreeUst\PT.PM.TSqlParseTreeUst.csproj", "{7A043632-6783-4BA3-B517-82F41D80922D}"
EndProject
Project("{9A19103F-16F7-4668-BE54-9A1E7A4F7556}") = "PT.PM.PlSqlParseTreeUst", "PT.PM.PlSqlParseTreeUst\PT.PM.PlSqlParseTreeUst.csproj", "{608D165C-1E79-4DB4-85F2-0482822A9989}"
EndProject
Project("{9A19103F-16F7-4668-BE54-9A1E7A4F7556}") = "PT.PM.Cli.Common", "PT.PM.Cli.Common\PT.PM.Cli.Common.csproj", "{353E0423-A26D-48C6-804E-F134D7935399}"
EndProject
Project("{9A19103F-16F7-4668-BE54-9A1E7A4F7556}") = "PT.PM.CLangsParseTreeUst", "PT.PM.CLangsParseTreeUst\PT.PM.CLangsParseTreeUst.csproj", "{D8E70122-BABB-4A4E-A33B-85BF62E6158E}"
EndProject
Project("{9A19103F-16F7-4668-BE54-9A1E7A4F7556}") = "CodeGenerator", "CodeGenerator\CodeGenerator.csproj", "{3189C44D-7F54-4161-B1BD-C903C52C3F0E}"
EndProject
Global
	GlobalSection(SolutionConfigurationPlatforms) = preSolution
		Debug|Any CPU = Debug|Any CPU
		Release|Any CPU = Release|Any CPU
	EndGlobalSection
	GlobalSection(ProjectConfigurationPlatforms) = postSolution
		{ECB44673-2FB0-49E1-811F-973E3FA4DD22}.Debug|Any CPU.ActiveCfg = Debug|Any CPU
		{ECB44673-2FB0-49E1-811F-973E3FA4DD22}.Debug|Any CPU.Build.0 = Debug|Any CPU
		{ECB44673-2FB0-49E1-811F-973E3FA4DD22}.Release|Any CPU.ActiveCfg = Release|Any CPU
		{ECB44673-2FB0-49E1-811F-973E3FA4DD22}.Release|Any CPU.Build.0 = Release|Any CPU
		{9215DF23-07BE-49AA-90A0-ED1C542C388C}.Debug|Any CPU.ActiveCfg = Debug|Any CPU
		{9215DF23-07BE-49AA-90A0-ED1C542C388C}.Debug|Any CPU.Build.0 = Debug|Any CPU
		{9215DF23-07BE-49AA-90A0-ED1C542C388C}.Release|Any CPU.ActiveCfg = Release|Any CPU
		{9215DF23-07BE-49AA-90A0-ED1C542C388C}.Release|Any CPU.Build.0 = Release|Any CPU
		{2A6F7AC9-92AA-48B8-A53B-50770424C9B6}.Debug|Any CPU.ActiveCfg = Debug|Any CPU
		{2A6F7AC9-92AA-48B8-A53B-50770424C9B6}.Debug|Any CPU.Build.0 = Debug|Any CPU
		{2A6F7AC9-92AA-48B8-A53B-50770424C9B6}.Release|Any CPU.ActiveCfg = Release|Any CPU
		{2A6F7AC9-92AA-48B8-A53B-50770424C9B6}.Release|Any CPU.Build.0 = Release|Any CPU
		{3B09E6EC-8069-4ED3-AAD8-145953FD7DCA}.Debug|Any CPU.ActiveCfg = Debug|Any CPU
		{3B09E6EC-8069-4ED3-AAD8-145953FD7DCA}.Debug|Any CPU.Build.0 = Debug|Any CPU
		{3B09E6EC-8069-4ED3-AAD8-145953FD7DCA}.Release|Any CPU.ActiveCfg = Release|Any CPU
		{3B09E6EC-8069-4ED3-AAD8-145953FD7DCA}.Release|Any CPU.Build.0 = Release|Any CPU
		{08FBC341-AC44-4CAE-AE71-9462F7885E3E}.Debug|Any CPU.ActiveCfg = Debug|Any CPU
		{08FBC341-AC44-4CAE-AE71-9462F7885E3E}.Debug|Any CPU.Build.0 = Debug|Any CPU
		{08FBC341-AC44-4CAE-AE71-9462F7885E3E}.Release|Any CPU.ActiveCfg = Release|Any CPU
		{08FBC341-AC44-4CAE-AE71-9462F7885E3E}.Release|Any CPU.Build.0 = Release|Any CPU
		{0CC3091C-DB40-49D1-AC8F-3ACCABCAD952}.Debug|Any CPU.ActiveCfg = Debug|Any CPU
		{0CC3091C-DB40-49D1-AC8F-3ACCABCAD952}.Debug|Any CPU.Build.0 = Debug|Any CPU
		{0CC3091C-DB40-49D1-AC8F-3ACCABCAD952}.Release|Any CPU.ActiveCfg = Release|Any CPU
		{0CC3091C-DB40-49D1-AC8F-3ACCABCAD952}.Release|Any CPU.Build.0 = Release|Any CPU
		{88AF3957-A64A-4715-ADE5-3BE099034BDD}.Debug|Any CPU.ActiveCfg = Debug|Any CPU
		{88AF3957-A64A-4715-ADE5-3BE099034BDD}.Debug|Any CPU.Build.0 = Debug|Any CPU
		{88AF3957-A64A-4715-ADE5-3BE099034BDD}.Release|Any CPU.ActiveCfg = Release|Any CPU
		{88AF3957-A64A-4715-ADE5-3BE099034BDD}.Release|Any CPU.Build.0 = Release|Any CPU
		{98727837-F9FA-476C-B0B5-88845B53FDDF}.Debug|Any CPU.ActiveCfg = Debug|Any CPU
		{98727837-F9FA-476C-B0B5-88845B53FDDF}.Debug|Any CPU.Build.0 = Debug|Any CPU
		{98727837-F9FA-476C-B0B5-88845B53FDDF}.Release|Any CPU.ActiveCfg = Release|Any CPU
		{98727837-F9FA-476C-B0B5-88845B53FDDF}.Release|Any CPU.Build.0 = Release|Any CPU
		{FEC55A64-1B65-4D39-B5FA-D559D55BB190}.Debug|Any CPU.ActiveCfg = Debug|Any CPU
		{FEC55A64-1B65-4D39-B5FA-D559D55BB190}.Debug|Any CPU.Build.0 = Debug|Any CPU
		{FEC55A64-1B65-4D39-B5FA-D559D55BB190}.Release|Any CPU.ActiveCfg = Release|Any CPU
		{FEC55A64-1B65-4D39-B5FA-D559D55BB190}.Release|Any CPU.Build.0 = Release|Any CPU
		{AA275980-E6C1-4D84-A505-26703CF8E15A}.Debug|Any CPU.ActiveCfg = Debug|Any CPU
		{AA275980-E6C1-4D84-A505-26703CF8E15A}.Debug|Any CPU.Build.0 = Debug|Any CPU
		{AA275980-E6C1-4D84-A505-26703CF8E15A}.Release|Any CPU.ActiveCfg = Release|Any CPU
		{AA275980-E6C1-4D84-A505-26703CF8E15A}.Release|Any CPU.Build.0 = Release|Any CPU
		{0FBEE2FF-027B-4489-B94F-B5F6CAC26799}.Debug|Any CPU.ActiveCfg = Debug|Any CPU
		{0FBEE2FF-027B-4489-B94F-B5F6CAC26799}.Debug|Any CPU.Build.0 = Debug|Any CPU
		{0FBEE2FF-027B-4489-B94F-B5F6CAC26799}.Release|Any CPU.ActiveCfg = Release|Any CPU
		{0FBEE2FF-027B-4489-B94F-B5F6CAC26799}.Release|Any CPU.Build.0 = Release|Any CPU
		{82402704-16F1-476B-8670-6836340612F3}.Debug|Any CPU.ActiveCfg = Debug|Any CPU
		{82402704-16F1-476B-8670-6836340612F3}.Debug|Any CPU.Build.0 = Debug|Any CPU
		{82402704-16F1-476B-8670-6836340612F3}.Release|Any CPU.ActiveCfg = Release|Any CPU
		{82402704-16F1-476B-8670-6836340612F3}.Release|Any CPU.Build.0 = Release|Any CPU
		{3B48BBD7-FC67-4B78-825A-193024561631}.Debug|Any CPU.ActiveCfg = Debug|Any CPU
		{3B48BBD7-FC67-4B78-825A-193024561631}.Debug|Any CPU.Build.0 = Debug|Any CPU
		{3B48BBD7-FC67-4B78-825A-193024561631}.Release|Any CPU.ActiveCfg = Release|Any CPU
		{3B48BBD7-FC67-4B78-825A-193024561631}.Release|Any CPU.Build.0 = Release|Any CPU
		{91EF6715-8D6B-4DD2-A1CF-F15838B844BA}.Debug|Any CPU.ActiveCfg = Debug|Any CPU
		{91EF6715-8D6B-4DD2-A1CF-F15838B844BA}.Debug|Any CPU.Build.0 = Debug|Any CPU
		{91EF6715-8D6B-4DD2-A1CF-F15838B844BA}.Release|Any CPU.ActiveCfg = Release|Any CPU
		{91EF6715-8D6B-4DD2-A1CF-F15838B844BA}.Release|Any CPU.Build.0 = Release|Any CPU
		{F57458AA-3144-4EA8-AC8A-1C2554651988}.Debug|Any CPU.ActiveCfg = Debug|Any CPU
		{F57458AA-3144-4EA8-AC8A-1C2554651988}.Debug|Any CPU.Build.0 = Debug|Any CPU
		{F57458AA-3144-4EA8-AC8A-1C2554651988}.Release|Any CPU.ActiveCfg = Release|Any CPU
		{F57458AA-3144-4EA8-AC8A-1C2554651988}.Release|Any CPU.Build.0 = Release|Any CPU
		{F81096DB-27A8-407B-96C1-D82E72413025}.Debug|Any CPU.ActiveCfg = Debug|Any CPU
		{F81096DB-27A8-407B-96C1-D82E72413025}.Debug|Any CPU.Build.0 = Debug|Any CPU
		{F81096DB-27A8-407B-96C1-D82E72413025}.Release|Any CPU.ActiveCfg = Release|Any CPU
		{F81096DB-27A8-407B-96C1-D82E72413025}.Release|Any CPU.Build.0 = Release|Any CPU
		{F0501372-F5A0-481E-9B15-379028016D5E}.Debug|Any CPU.ActiveCfg = Debug|Any CPU
		{F0501372-F5A0-481E-9B15-379028016D5E}.Debug|Any CPU.Build.0 = Debug|Any CPU
		{F0501372-F5A0-481E-9B15-379028016D5E}.Release|Any CPU.ActiveCfg = Release|Any CPU
		{F0501372-F5A0-481E-9B15-379028016D5E}.Release|Any CPU.Build.0 = Release|Any CPU
		{5D0C1070-A0CF-41D5-977B-F2427C297F57}.Debug|Any CPU.ActiveCfg = Debug|Any CPU
		{5D0C1070-A0CF-41D5-977B-F2427C297F57}.Debug|Any CPU.Build.0 = Debug|Any CPU
		{5D0C1070-A0CF-41D5-977B-F2427C297F57}.Release|Any CPU.ActiveCfg = Release|Any CPU
		{5D0C1070-A0CF-41D5-977B-F2427C297F57}.Release|Any CPU.Build.0 = Release|Any CPU
		{2CE9940C-7773-4275-9E9F-D92F6D400ADF}.Debug|Any CPU.ActiveCfg = Debug|Any CPU
		{2CE9940C-7773-4275-9E9F-D92F6D400ADF}.Debug|Any CPU.Build.0 = Debug|Any CPU
		{2CE9940C-7773-4275-9E9F-D92F6D400ADF}.Release|Any CPU.ActiveCfg = Release|Any CPU
		{2CE9940C-7773-4275-9E9F-D92F6D400ADF}.Release|Any CPU.Build.0 = Release|Any CPU
		{40CFBDF0-A515-4FF9-8C82-4EB7456F685B}.Debug|Any CPU.ActiveCfg = Debug|Any CPU
		{40CFBDF0-A515-4FF9-8C82-4EB7456F685B}.Debug|Any CPU.Build.0 = Debug|Any CPU
		{40CFBDF0-A515-4FF9-8C82-4EB7456F685B}.Release|Any CPU.ActiveCfg = Release|Any CPU
		{40CFBDF0-A515-4FF9-8C82-4EB7456F685B}.Release|Any CPU.Build.0 = Release|Any CPU
		{79923883-1FC8-4000-A1E8-CBE48F1B7844}.Debug|Any CPU.ActiveCfg = Debug|Any CPU
		{79923883-1FC8-4000-A1E8-CBE48F1B7844}.Debug|Any CPU.Build.0 = Debug|Any CPU
		{79923883-1FC8-4000-A1E8-CBE48F1B7844}.Release|Any CPU.ActiveCfg = Release|Any CPU
		{79923883-1FC8-4000-A1E8-CBE48F1B7844}.Release|Any CPU.Build.0 = Release|Any CPU
		{6216A5F2-5F20-47EA-ADF0-98FB7A596CD3}.Debug|Any CPU.ActiveCfg = Debug|Any CPU
		{6216A5F2-5F20-47EA-ADF0-98FB7A596CD3}.Debug|Any CPU.Build.0 = Debug|Any CPU
		{6216A5F2-5F20-47EA-ADF0-98FB7A596CD3}.Release|Any CPU.ActiveCfg = Release|Any CPU
		{6216A5F2-5F20-47EA-ADF0-98FB7A596CD3}.Release|Any CPU.Build.0 = Release|Any CPU
		{4B81E50D-478F-47E6-8D41-2649703B707A}.Debug|Any CPU.ActiveCfg = Debug|Any CPU
		{4B81E50D-478F-47E6-8D41-2649703B707A}.Debug|Any CPU.Build.0 = Debug|Any CPU
		{4B81E50D-478F-47E6-8D41-2649703B707A}.Release|Any CPU.ActiveCfg = Release|Any CPU
		{4B81E50D-478F-47E6-8D41-2649703B707A}.Release|Any CPU.Build.0 = Release|Any CPU
		{7A043632-6783-4BA3-B517-82F41D80922D}.Debug|Any CPU.ActiveCfg = Debug|Any CPU
		{7A043632-6783-4BA3-B517-82F41D80922D}.Debug|Any CPU.Build.0 = Debug|Any CPU
		{7A043632-6783-4BA3-B517-82F41D80922D}.Release|Any CPU.ActiveCfg = Release|Any CPU
		{7A043632-6783-4BA3-B517-82F41D80922D}.Release|Any CPU.Build.0 = Release|Any CPU
		{608D165C-1E79-4DB4-85F2-0482822A9989}.Debug|Any CPU.ActiveCfg = Debug|Any CPU
		{608D165C-1E79-4DB4-85F2-0482822A9989}.Debug|Any CPU.Build.0 = Debug|Any CPU
		{608D165C-1E79-4DB4-85F2-0482822A9989}.Release|Any CPU.ActiveCfg = Release|Any CPU
		{608D165C-1E79-4DB4-85F2-0482822A9989}.Release|Any CPU.Build.0 = Release|Any CPU
		{353E0423-A26D-48C6-804E-F134D7935399}.Debug|Any CPU.ActiveCfg = Debug|Any CPU
		{353E0423-A26D-48C6-804E-F134D7935399}.Debug|Any CPU.Build.0 = Debug|Any CPU
		{353E0423-A26D-48C6-804E-F134D7935399}.Release|Any CPU.ActiveCfg = Release|Any CPU
		{353E0423-A26D-48C6-804E-F134D7935399}.Release|Any CPU.Build.0 = Release|Any CPU
		{D8E70122-BABB-4A4E-A33B-85BF62E6158E}.Debug|Any CPU.ActiveCfg = Debug|Any CPU
		{D8E70122-BABB-4A4E-A33B-85BF62E6158E}.Debug|Any CPU.Build.0 = Debug|Any CPU
		{D8E70122-BABB-4A4E-A33B-85BF62E6158E}.Release|Any CPU.ActiveCfg = Release|Any CPU
		{D8E70122-BABB-4A4E-A33B-85BF62E6158E}.Release|Any CPU.Build.0 = Release|Any CPU
		{3189C44D-7F54-4161-B1BD-C903C52C3F0E}.Debug|Any CPU.ActiveCfg = Debug|Any CPU
		{3189C44D-7F54-4161-B1BD-C903C52C3F0E}.Debug|Any CPU.Build.0 = Debug|Any CPU
		{3189C44D-7F54-4161-B1BD-C903C52C3F0E}.Release|Any CPU.ActiveCfg = Release|Any CPU
		{3189C44D-7F54-4161-B1BD-C903C52C3F0E}.Release|Any CPU.Build.0 = Release|Any CPU
	EndGlobalSection
	GlobalSection(SolutionProperties) = preSolution
		HideSolutionNode = FALSE
	EndGlobalSection
	GlobalSection(ExtensibilityGlobals) = postSolution
		SolutionGuid = {1A94D39C-705D-4039-B807-CC6456999135}
	EndGlobalSection
	GlobalSection(Performance) = preSolution
		HasPerformanceSessions = true
	EndGlobalSection
	GlobalSection(Performance) = preSolution
		HasPerformanceSessions = true
	EndGlobalSection
EndGlobal
