
Microsoft Visual Studio Solution File, Format Version 12.00
# Visual Studio 15
VisualStudioVersion = 15.0.27130.2027
MinimumVisualStudioVersion = 10.0.40219.1
Project("{9A19103F-16F7-4668-BE54-9A1E7A4F7556}") = "PT.PM", "PT.PM\PT.PM.csproj", "{ECB44673-2FB0-49E1-811F-973E3FA4DD22}"
EndProject
Project("{FAE04EC0-301F-11D3-BF4B-00C04F79EFBC}") = "PT.PM.Tests", "PT.PM.Tests\PT.PM.Tests.csproj", "{104F9633-F7A6-4840-A3AD-8D9FD96B39BF}"
EndProject
Project("{9A19103F-16F7-4668-BE54-9A1E7A4F7556}") = "PT.PM.Matching", "PT.PM.Matching\PT.PM.Matching.csproj", "{9215DF23-07BE-49AA-90A0-ED1C542C388C}"
EndProject
Project("{9A19103F-16F7-4668-BE54-9A1E7A4F7556}") = "PT.PM.Patterns", "PT.PM.Patterns\PT.PM.Patterns.csproj", "{2A6F7AC9-92AA-48B8-A53B-50770424C9B6}"
EndProject
Project("{FAE04EC0-301F-11D3-BF4B-00C04F79EFBC}") = "PT.PM.Matching.Tests", "PT.PM.Matching.Tests\PT.PM.Matching.Tests.csproj", "{F9D784D4-36E4-49F8-BEA4-38BDBB6910D8}"
EndProject
Project("{9A19103F-16F7-4668-BE54-9A1E7A4F7556}") = "PT.PM.Cli", "PT.PM.Cli\PT.PM.Cli.csproj", "{349B2AEF-FA81-401F-A8BD-C53EE7231544}"
EndProject
Project("{9A19103F-16F7-4668-BE54-9A1E7A4F7556}") = "PT.PM.CSharpParseTreeUst", "PT.PM.CSharpParseTreeUst\PT.PM.CSharpParseTreeUst.csproj", "{3B09E6EC-8069-4ED3-AAD8-145953FD7DCA}"
EndProject
Project("{9A19103F-16F7-4668-BE54-9A1E7A4F7556}") = "PT.PM.PhpParseTreeUst", "PT.PM.PhpParseTreeUst\PT.PM.PhpParseTreeUst.csproj", "{08FBC341-AC44-4CAE-AE71-9462F7885E3E}"
EndProject
Project("{FAE04EC0-301F-11D3-BF4B-00C04F79EFBC}") = "PT.PM.PhpParseTreeUst.Tests", "PT.PM.PhpParseTreeUst.Tests\PT.PM.PhpParseTreeUst.Tests.csproj", "{933DCCA3-B5D1-45AE-ACAB-1672D71BC349}"
EndProject
Project("{FAE04EC0-301F-11D3-BF4B-00C04F79EFBC}") = "PT.PM.JavaParseTreeUst.Tests", "PT.PM.JavaParseTreeUst.Tests\PT.PM.JavaParseTreeUst.Tests.csproj", "{47F5B401-E788-494E-89C8-A8CA0B6917C4}"
EndProject
Project("{9A19103F-16F7-4668-BE54-9A1E7A4F7556}") = "PT.PM.Dsl", "PT.PM.Dsl\PT.PM.Dsl.csproj", "{0CC3091C-DB40-49D1-AC8F-3ACCABCAD952}"
EndProject
Project("{FAE04EC0-301F-11D3-BF4B-00C04F79EFBC}") = "PT.PM.Dsl.Tests", "PT.PM.Dsl.Tests\PT.PM.Dsl.Tests.csproj", "{370AF0EE-1080-4785-A65C-6F471E64B6D2}"
EndProject
Project("{2150E333-8FDC-42A3-9474-1A3956D46DE8}") = "SolutionItems", "SolutionItems", "{553BE5D1-E6F1-4DDD-97E8-F7C73F4F684C}"
	ProjectSection(SolutionItems) = preProject
		AssemblyInfoCommon.cs = AssemblyInfoCommon.cs
		PT.PM.ico = PT.PM.ico
	EndProjectSection
EndProject
Project("{9A19103F-16F7-4668-BE54-9A1E7A4F7556}") = "PT.PM.SqlParseTreeUst", "PT.PM.SqlParseTreeUst\PT.PM.SqlParseTreeUst.csproj", "{8F34670A-B91D-460B-9D67-7A03F7194673}"
EndProject
Project("{FAE04EC0-301F-11D3-BF4B-00C04F79EFBC}") = "PT.PM.SqlParseTreeUst.Tests", "PT.PM.SqlParseTreeUst.Tests\PT.PM.SqlParseTreeUst.Tests.csproj", "{EEBBE595-2478-40B1-A147-7F44E40A2686}"
EndProject
Project("{FAE04EC0-301F-11D3-BF4B-00C04F79EFBC}") = "PT.PM.Cli.Tests", "PT.PM.Cli.Tests\PT.PM.Cli.Tests.csproj", "{836A5763-216D-4596-94B6-5F60E7F0655C}"
EndProject
Project("{FAE04EC0-301F-11D3-BF4B-00C04F79EFBC}") = "AspxParser", "AspxParser\AspxParser\AspxParser.csproj", "{88AF3957-A64A-4715-ADE5-3BE099034BDD}"
EndProject
Project("{9A19103F-16F7-4668-BE54-9A1E7A4F7556}") = "PT.PM.JavaScriptParseTreeUst", "PT.PM.JavaScriptParseTreeUst\PT.PM.JavaScriptParseTreeUst.csproj", "{98727837-F9FA-476C-B0B5-88845B53FDDF}"
EndProject
Project("{FAE04EC0-301F-11D3-BF4B-00C04F79EFBC}") = "PT.PM.JavaScriptParseTreeUst.Tests", "PT.PM.JavaScriptParseTreeUst.Tests\PT.PM.JavaScriptParseTreeUst.Tests.csproj", "{CC787B80-B003-4F07-8DDD-0E7EF0E9E4CA}"
EndProject
Project("{9A19103F-16F7-4668-BE54-9A1E7A4F7556}") = "PT.PM.TestUtils", "PT.PM.TestUtils\PT.PM.TestUtils.csproj", "{FEC55A64-1B65-4D39-B5FA-D559D55BB190}"
EndProject
Project("{FAE04EC0-301F-11D3-BF4B-00C04F79EFBC}") = "PT.PM.PatternEditor", "PT.PM.PatternEditor\PT.PM.PatternEditor.csproj", "{0F58CE94-C0A3-4517-9FAF-6197BBE99FF7}"
EndProject
Project("{9A19103F-16F7-4668-BE54-9A1E7A4F7556}") = "PT.PM.JavaParseTreeUst", "PT.PM.JavaParseTreeUst\PT.PM.JavaParseTreeUst.csproj", "{AA275980-E6C1-4D84-A505-26703CF8E15A}"
EndProject
Project("{9A19103F-16F7-4668-BE54-9A1E7A4F7556}") = "PT.PM.AntlrUtils", "PT.PM.AntlrUtils\PT.PM.AntlrUtils.csproj", "{0FBEE2FF-027B-4489-B94F-B5F6CAC26799}"
EndProject
Project("{9A19103F-16F7-4668-BE54-9A1E7A4F7556}") = "PT.PM.Common", "PT.PM.Common\PT.PM.Common.csproj", "{82402704-16F1-476B-8670-6836340612F3}"
EndProject
Project("{FAE04EC0-301F-11D3-BF4B-00C04F79EFBC}") = "PT.PM.CSharpParseTreeUst.Tests", "PT.PM.CSharpParseTreeUst.Tests\PT.PM.CSharpParseTreeUst.Tests.csproj", "{85F53BDA-122E-4C9A-9F99-1E6A1D8AF439}"
EndProject
Project("{FAE04EC0-301F-11D3-BF4B-00C04F79EFBC}") = "PT.PM.Prebuild", "PT.PM.Prebuild\PT.PM.Prebuild.csproj", "{BED34C43-39BD-406E-9350-223BEE9CD0EF}"
EndProject
Global
	GlobalSection(SolutionConfigurationPlatforms) = preSolution
		Debug|Any CPU = Debug|Any CPU
		Debug|x86 = Debug|x86
		DebugGraphviz|Any CPU = DebugGraphviz|Any CPU
		DebugGraphviz|x86 = DebugGraphviz|x86
		Release|Any CPU = Release|Any CPU
		Release|x86 = Release|x86
	EndGlobalSection
	GlobalSection(ProjectConfigurationPlatforms) = postSolution
		{ECB44673-2FB0-49E1-811F-973E3FA4DD22}.Debug|Any CPU.ActiveCfg = Debug|Any CPU
		{ECB44673-2FB0-49E1-811F-973E3FA4DD22}.Debug|Any CPU.Build.0 = Debug|Any CPU
		{ECB44673-2FB0-49E1-811F-973E3FA4DD22}.Debug|x86.ActiveCfg = Debug|Any CPU
		{ECB44673-2FB0-49E1-811F-973E3FA4DD22}.Debug|x86.Build.0 = Debug|Any CPU
		{ECB44673-2FB0-49E1-811F-973E3FA4DD22}.DebugGraphviz|Any CPU.ActiveCfg = Debug|Any CPU
		{ECB44673-2FB0-49E1-811F-973E3FA4DD22}.DebugGraphviz|Any CPU.Build.0 = Debug|Any CPU
		{ECB44673-2FB0-49E1-811F-973E3FA4DD22}.DebugGraphviz|x86.ActiveCfg = Debug|Any CPU
		{ECB44673-2FB0-49E1-811F-973E3FA4DD22}.DebugGraphviz|x86.Build.0 = Debug|Any CPU
		{ECB44673-2FB0-49E1-811F-973E3FA4DD22}.Release|Any CPU.ActiveCfg = Release|Any CPU
		{ECB44673-2FB0-49E1-811F-973E3FA4DD22}.Release|Any CPU.Build.0 = Release|Any CPU
		{ECB44673-2FB0-49E1-811F-973E3FA4DD22}.Release|x86.ActiveCfg = Release|Any CPU
		{ECB44673-2FB0-49E1-811F-973E3FA4DD22}.Release|x86.Build.0 = Release|Any CPU
		{104F9633-F7A6-4840-A3AD-8D9FD96B39BF}.Debug|Any CPU.ActiveCfg = Debug|Any CPU
		{104F9633-F7A6-4840-A3AD-8D9FD96B39BF}.Debug|Any CPU.Build.0 = Debug|Any CPU
		{104F9633-F7A6-4840-A3AD-8D9FD96B39BF}.Debug|x86.ActiveCfg = Debug|Any CPU
		{104F9633-F7A6-4840-A3AD-8D9FD96B39BF}.Debug|x86.Build.0 = Debug|Any CPU
		{104F9633-F7A6-4840-A3AD-8D9FD96B39BF}.DebugGraphviz|Any CPU.ActiveCfg = Debug|Any CPU
		{104F9633-F7A6-4840-A3AD-8D9FD96B39BF}.DebugGraphviz|Any CPU.Build.0 = Debug|Any CPU
		{104F9633-F7A6-4840-A3AD-8D9FD96B39BF}.DebugGraphviz|x86.ActiveCfg = Debug|Any CPU
		{104F9633-F7A6-4840-A3AD-8D9FD96B39BF}.DebugGraphviz|x86.Build.0 = Debug|Any CPU
		{104F9633-F7A6-4840-A3AD-8D9FD96B39BF}.Release|Any CPU.ActiveCfg = Release|Any CPU
		{104F9633-F7A6-4840-A3AD-8D9FD96B39BF}.Release|Any CPU.Build.0 = Release|Any CPU
		{104F9633-F7A6-4840-A3AD-8D9FD96B39BF}.Release|x86.ActiveCfg = Release|Any CPU
		{104F9633-F7A6-4840-A3AD-8D9FD96B39BF}.Release|x86.Build.0 = Release|Any CPU
		{9215DF23-07BE-49AA-90A0-ED1C542C388C}.Debug|Any CPU.ActiveCfg = Debug|Any CPU
		{9215DF23-07BE-49AA-90A0-ED1C542C388C}.Debug|Any CPU.Build.0 = Debug|Any CPU
		{9215DF23-07BE-49AA-90A0-ED1C542C388C}.Debug|x86.ActiveCfg = Debug|Any CPU
		{9215DF23-07BE-49AA-90A0-ED1C542C388C}.Debug|x86.Build.0 = Debug|Any CPU
		{9215DF23-07BE-49AA-90A0-ED1C542C388C}.DebugGraphviz|Any CPU.ActiveCfg = Debug|Any CPU
		{9215DF23-07BE-49AA-90A0-ED1C542C388C}.DebugGraphviz|Any CPU.Build.0 = Debug|Any CPU
		{9215DF23-07BE-49AA-90A0-ED1C542C388C}.DebugGraphviz|x86.ActiveCfg = Debug|Any CPU
		{9215DF23-07BE-49AA-90A0-ED1C542C388C}.DebugGraphviz|x86.Build.0 = Debug|Any CPU
		{9215DF23-07BE-49AA-90A0-ED1C542C388C}.Release|Any CPU.ActiveCfg = Release|Any CPU
		{9215DF23-07BE-49AA-90A0-ED1C542C388C}.Release|Any CPU.Build.0 = Release|Any CPU
		{9215DF23-07BE-49AA-90A0-ED1C542C388C}.Release|x86.ActiveCfg = Release|Any CPU
		{9215DF23-07BE-49AA-90A0-ED1C542C388C}.Release|x86.Build.0 = Release|Any CPU
		{2A6F7AC9-92AA-48B8-A53B-50770424C9B6}.Debug|Any CPU.ActiveCfg = Debug|Any CPU
		{2A6F7AC9-92AA-48B8-A53B-50770424C9B6}.Debug|Any CPU.Build.0 = Debug|Any CPU
		{2A6F7AC9-92AA-48B8-A53B-50770424C9B6}.Debug|x86.ActiveCfg = Debug|Any CPU
		{2A6F7AC9-92AA-48B8-A53B-50770424C9B6}.Debug|x86.Build.0 = Debug|Any CPU
		{2A6F7AC9-92AA-48B8-A53B-50770424C9B6}.DebugGraphviz|Any CPU.ActiveCfg = Debug|Any CPU
		{2A6F7AC9-92AA-48B8-A53B-50770424C9B6}.DebugGraphviz|Any CPU.Build.0 = Debug|Any CPU
		{2A6F7AC9-92AA-48B8-A53B-50770424C9B6}.DebugGraphviz|x86.ActiveCfg = Debug|Any CPU
		{2A6F7AC9-92AA-48B8-A53B-50770424C9B6}.DebugGraphviz|x86.Build.0 = Debug|Any CPU
		{2A6F7AC9-92AA-48B8-A53B-50770424C9B6}.Release|Any CPU.ActiveCfg = Release|Any CPU
		{2A6F7AC9-92AA-48B8-A53B-50770424C9B6}.Release|Any CPU.Build.0 = Release|Any CPU
		{2A6F7AC9-92AA-48B8-A53B-50770424C9B6}.Release|x86.ActiveCfg = Release|Any CPU
		{2A6F7AC9-92AA-48B8-A53B-50770424C9B6}.Release|x86.Build.0 = Release|Any CPU
		{F9D784D4-36E4-49F8-BEA4-38BDBB6910D8}.Debug|Any CPU.ActiveCfg = Debug|Any CPU
		{F9D784D4-36E4-49F8-BEA4-38BDBB6910D8}.Debug|Any CPU.Build.0 = Debug|Any CPU
		{F9D784D4-36E4-49F8-BEA4-38BDBB6910D8}.Debug|x86.ActiveCfg = Debug|Any CPU
		{F9D784D4-36E4-49F8-BEA4-38BDBB6910D8}.Debug|x86.Build.0 = Debug|Any CPU
		{F9D784D4-36E4-49F8-BEA4-38BDBB6910D8}.DebugGraphviz|Any CPU.ActiveCfg = Debug|Any CPU
		{F9D784D4-36E4-49F8-BEA4-38BDBB6910D8}.DebugGraphviz|Any CPU.Build.0 = Debug|Any CPU
		{F9D784D4-36E4-49F8-BEA4-38BDBB6910D8}.DebugGraphviz|x86.ActiveCfg = Debug|Any CPU
		{F9D784D4-36E4-49F8-BEA4-38BDBB6910D8}.DebugGraphviz|x86.Build.0 = Debug|Any CPU
		{F9D784D4-36E4-49F8-BEA4-38BDBB6910D8}.Release|Any CPU.ActiveCfg = Release|Any CPU
		{F9D784D4-36E4-49F8-BEA4-38BDBB6910D8}.Release|Any CPU.Build.0 = Release|Any CPU
		{F9D784D4-36E4-49F8-BEA4-38BDBB6910D8}.Release|x86.ActiveCfg = Release|Any CPU
		{F9D784D4-36E4-49F8-BEA4-38BDBB6910D8}.Release|x86.Build.0 = Release|Any CPU
		{349B2AEF-FA81-401F-A8BD-C53EE7231544}.Debug|Any CPU.ActiveCfg = Debug|Any CPU
		{349B2AEF-FA81-401F-A8BD-C53EE7231544}.Debug|Any CPU.Build.0 = Debug|Any CPU
		{349B2AEF-FA81-401F-A8BD-C53EE7231544}.Debug|x86.ActiveCfg = Debug|Any CPU
		{349B2AEF-FA81-401F-A8BD-C53EE7231544}.Debug|x86.Build.0 = Debug|Any CPU
		{349B2AEF-FA81-401F-A8BD-C53EE7231544}.DebugGraphviz|Any CPU.ActiveCfg = Debug|Any CPU
		{349B2AEF-FA81-401F-A8BD-C53EE7231544}.DebugGraphviz|Any CPU.Build.0 = Debug|Any CPU
		{349B2AEF-FA81-401F-A8BD-C53EE7231544}.DebugGraphviz|x86.ActiveCfg = Debug|Any CPU
		{349B2AEF-FA81-401F-A8BD-C53EE7231544}.DebugGraphviz|x86.Build.0 = Debug|Any CPU
		{349B2AEF-FA81-401F-A8BD-C53EE7231544}.Release|Any CPU.ActiveCfg = Release|Any CPU
		{349B2AEF-FA81-401F-A8BD-C53EE7231544}.Release|Any CPU.Build.0 = Release|Any CPU
		{349B2AEF-FA81-401F-A8BD-C53EE7231544}.Release|x86.ActiveCfg = Release|Any CPU
		{349B2AEF-FA81-401F-A8BD-C53EE7231544}.Release|x86.Build.0 = Release|Any CPU
		{3B09E6EC-8069-4ED3-AAD8-145953FD7DCA}.Debug|Any CPU.ActiveCfg = Debug|Any CPU
		{3B09E6EC-8069-4ED3-AAD8-145953FD7DCA}.Debug|Any CPU.Build.0 = Debug|Any CPU
		{3B09E6EC-8069-4ED3-AAD8-145953FD7DCA}.Debug|x86.ActiveCfg = Debug|Any CPU
		{3B09E6EC-8069-4ED3-AAD8-145953FD7DCA}.Debug|x86.Build.0 = Debug|Any CPU
		{3B09E6EC-8069-4ED3-AAD8-145953FD7DCA}.DebugGraphviz|Any CPU.ActiveCfg = Debug|Any CPU
		{3B09E6EC-8069-4ED3-AAD8-145953FD7DCA}.DebugGraphviz|Any CPU.Build.0 = Debug|Any CPU
		{3B09E6EC-8069-4ED3-AAD8-145953FD7DCA}.DebugGraphviz|x86.ActiveCfg = Debug|Any CPU
		{3B09E6EC-8069-4ED3-AAD8-145953FD7DCA}.DebugGraphviz|x86.Build.0 = Debug|Any CPU
		{3B09E6EC-8069-4ED3-AAD8-145953FD7DCA}.Release|Any CPU.ActiveCfg = Release|Any CPU
		{3B09E6EC-8069-4ED3-AAD8-145953FD7DCA}.Release|Any CPU.Build.0 = Release|Any CPU
		{3B09E6EC-8069-4ED3-AAD8-145953FD7DCA}.Release|x86.ActiveCfg = Release|Any CPU
		{3B09E6EC-8069-4ED3-AAD8-145953FD7DCA}.Release|x86.Build.0 = Release|Any CPU
		{08FBC341-AC44-4CAE-AE71-9462F7885E3E}.Debug|Any CPU.ActiveCfg = Debug|Any CPU
		{08FBC341-AC44-4CAE-AE71-9462F7885E3E}.Debug|Any CPU.Build.0 = Debug|Any CPU
		{08FBC341-AC44-4CAE-AE71-9462F7885E3E}.Debug|x86.ActiveCfg = Debug|Any CPU
		{08FBC341-AC44-4CAE-AE71-9462F7885E3E}.Debug|x86.Build.0 = Debug|Any CPU
		{08FBC341-AC44-4CAE-AE71-9462F7885E3E}.DebugGraphviz|Any CPU.ActiveCfg = Debug|Any CPU
		{08FBC341-AC44-4CAE-AE71-9462F7885E3E}.DebugGraphviz|Any CPU.Build.0 = Debug|Any CPU
		{08FBC341-AC44-4CAE-AE71-9462F7885E3E}.DebugGraphviz|x86.ActiveCfg = Debug|Any CPU
		{08FBC341-AC44-4CAE-AE71-9462F7885E3E}.DebugGraphviz|x86.Build.0 = Debug|Any CPU
		{08FBC341-AC44-4CAE-AE71-9462F7885E3E}.Release|Any CPU.ActiveCfg = Release|Any CPU
		{08FBC341-AC44-4CAE-AE71-9462F7885E3E}.Release|Any CPU.Build.0 = Release|Any CPU
		{08FBC341-AC44-4CAE-AE71-9462F7885E3E}.Release|x86.ActiveCfg = Release|Any CPU
		{08FBC341-AC44-4CAE-AE71-9462F7885E3E}.Release|x86.Build.0 = Release|Any CPU
		{933DCCA3-B5D1-45AE-ACAB-1672D71BC349}.Debug|Any CPU.ActiveCfg = Debug|Any CPU
		{933DCCA3-B5D1-45AE-ACAB-1672D71BC349}.Debug|Any CPU.Build.0 = Debug|Any CPU
		{933DCCA3-B5D1-45AE-ACAB-1672D71BC349}.Debug|x86.ActiveCfg = Debug|Any CPU
		{933DCCA3-B5D1-45AE-ACAB-1672D71BC349}.Debug|x86.Build.0 = Debug|Any CPU
		{933DCCA3-B5D1-45AE-ACAB-1672D71BC349}.DebugGraphviz|Any CPU.ActiveCfg = Debug|Any CPU
		{933DCCA3-B5D1-45AE-ACAB-1672D71BC349}.DebugGraphviz|Any CPU.Build.0 = Debug|Any CPU
		{933DCCA3-B5D1-45AE-ACAB-1672D71BC349}.DebugGraphviz|x86.ActiveCfg = Debug|Any CPU
		{933DCCA3-B5D1-45AE-ACAB-1672D71BC349}.DebugGraphviz|x86.Build.0 = Debug|Any CPU
		{933DCCA3-B5D1-45AE-ACAB-1672D71BC349}.Release|Any CPU.ActiveCfg = Release|Any CPU
		{933DCCA3-B5D1-45AE-ACAB-1672D71BC349}.Release|Any CPU.Build.0 = Release|Any CPU
		{933DCCA3-B5D1-45AE-ACAB-1672D71BC349}.Release|x86.ActiveCfg = Release|Any CPU
		{933DCCA3-B5D1-45AE-ACAB-1672D71BC349}.Release|x86.Build.0 = Release|Any CPU
		{47F5B401-E788-494E-89C8-A8CA0B6917C4}.Debug|Any CPU.ActiveCfg = Debug|Any CPU
		{47F5B401-E788-494E-89C8-A8CA0B6917C4}.Debug|Any CPU.Build.0 = Debug|Any CPU
		{47F5B401-E788-494E-89C8-A8CA0B6917C4}.Debug|x86.ActiveCfg = Debug|Any CPU
		{47F5B401-E788-494E-89C8-A8CA0B6917C4}.Debug|x86.Build.0 = Debug|Any CPU
		{47F5B401-E788-494E-89C8-A8CA0B6917C4}.DebugGraphviz|Any CPU.ActiveCfg = Debug|Any CPU
		{47F5B401-E788-494E-89C8-A8CA0B6917C4}.DebugGraphviz|Any CPU.Build.0 = Debug|Any CPU
		{47F5B401-E788-494E-89C8-A8CA0B6917C4}.DebugGraphviz|x86.ActiveCfg = Debug|Any CPU
		{47F5B401-E788-494E-89C8-A8CA0B6917C4}.DebugGraphviz|x86.Build.0 = Debug|Any CPU
		{47F5B401-E788-494E-89C8-A8CA0B6917C4}.Release|Any CPU.ActiveCfg = Release|Any CPU
		{47F5B401-E788-494E-89C8-A8CA0B6917C4}.Release|Any CPU.Build.0 = Release|Any CPU
		{47F5B401-E788-494E-89C8-A8CA0B6917C4}.Release|x86.ActiveCfg = Release|Any CPU
		{47F5B401-E788-494E-89C8-A8CA0B6917C4}.Release|x86.Build.0 = Release|Any CPU
		{0CC3091C-DB40-49D1-AC8F-3ACCABCAD952}.Debug|Any CPU.ActiveCfg = Debug|Any CPU
		{0CC3091C-DB40-49D1-AC8F-3ACCABCAD952}.Debug|Any CPU.Build.0 = Debug|Any CPU
		{0CC3091C-DB40-49D1-AC8F-3ACCABCAD952}.Debug|x86.ActiveCfg = Debug|Any CPU
		{0CC3091C-DB40-49D1-AC8F-3ACCABCAD952}.Debug|x86.Build.0 = Debug|Any CPU
		{0CC3091C-DB40-49D1-AC8F-3ACCABCAD952}.DebugGraphviz|Any CPU.ActiveCfg = Debug|Any CPU
		{0CC3091C-DB40-49D1-AC8F-3ACCABCAD952}.DebugGraphviz|Any CPU.Build.0 = Debug|Any CPU
		{0CC3091C-DB40-49D1-AC8F-3ACCABCAD952}.DebugGraphviz|x86.ActiveCfg = Debug|Any CPU
		{0CC3091C-DB40-49D1-AC8F-3ACCABCAD952}.DebugGraphviz|x86.Build.0 = Debug|Any CPU
		{0CC3091C-DB40-49D1-AC8F-3ACCABCAD952}.Release|Any CPU.ActiveCfg = Release|Any CPU
		{0CC3091C-DB40-49D1-AC8F-3ACCABCAD952}.Release|Any CPU.Build.0 = Release|Any CPU
		{0CC3091C-DB40-49D1-AC8F-3ACCABCAD952}.Release|x86.ActiveCfg = Release|Any CPU
		{0CC3091C-DB40-49D1-AC8F-3ACCABCAD952}.Release|x86.Build.0 = Release|Any CPU
		{370AF0EE-1080-4785-A65C-6F471E64B6D2}.Debug|Any CPU.ActiveCfg = Debug|Any CPU
		{370AF0EE-1080-4785-A65C-6F471E64B6D2}.Debug|Any CPU.Build.0 = Debug|Any CPU
		{370AF0EE-1080-4785-A65C-6F471E64B6D2}.Debug|x86.ActiveCfg = Debug|Any CPU
		{370AF0EE-1080-4785-A65C-6F471E64B6D2}.Debug|x86.Build.0 = Debug|Any CPU
		{370AF0EE-1080-4785-A65C-6F471E64B6D2}.DebugGraphviz|Any CPU.ActiveCfg = Debug|Any CPU
		{370AF0EE-1080-4785-A65C-6F471E64B6D2}.DebugGraphviz|Any CPU.Build.0 = Debug|Any CPU
		{370AF0EE-1080-4785-A65C-6F471E64B6D2}.DebugGraphviz|x86.ActiveCfg = Debug|Any CPU
		{370AF0EE-1080-4785-A65C-6F471E64B6D2}.DebugGraphviz|x86.Build.0 = Debug|Any CPU
		{370AF0EE-1080-4785-A65C-6F471E64B6D2}.Release|Any CPU.ActiveCfg = Release|Any CPU
		{370AF0EE-1080-4785-A65C-6F471E64B6D2}.Release|Any CPU.Build.0 = Release|Any CPU
		{370AF0EE-1080-4785-A65C-6F471E64B6D2}.Release|x86.ActiveCfg = Release|Any CPU
		{370AF0EE-1080-4785-A65C-6F471E64B6D2}.Release|x86.Build.0 = Release|Any CPU
		{8F34670A-B91D-460B-9D67-7A03F7194673}.Debug|Any CPU.ActiveCfg = Debug|Any CPU
		{8F34670A-B91D-460B-9D67-7A03F7194673}.Debug|Any CPU.Build.0 = Debug|Any CPU
		{8F34670A-B91D-460B-9D67-7A03F7194673}.Debug|x86.ActiveCfg = Debug|Any CPU
		{8F34670A-B91D-460B-9D67-7A03F7194673}.Debug|x86.Build.0 = Debug|Any CPU
		{8F34670A-B91D-460B-9D67-7A03F7194673}.DebugGraphviz|Any CPU.ActiveCfg = Debug|Any CPU
		{8F34670A-B91D-460B-9D67-7A03F7194673}.DebugGraphviz|Any CPU.Build.0 = Debug|Any CPU
		{8F34670A-B91D-460B-9D67-7A03F7194673}.DebugGraphviz|x86.ActiveCfg = Debug|Any CPU
		{8F34670A-B91D-460B-9D67-7A03F7194673}.DebugGraphviz|x86.Build.0 = Debug|Any CPU
		{8F34670A-B91D-460B-9D67-7A03F7194673}.Release|Any CPU.ActiveCfg = Release|Any CPU
		{8F34670A-B91D-460B-9D67-7A03F7194673}.Release|Any CPU.Build.0 = Release|Any CPU
		{8F34670A-B91D-460B-9D67-7A03F7194673}.Release|x86.ActiveCfg = Release|Any CPU
		{8F34670A-B91D-460B-9D67-7A03F7194673}.Release|x86.Build.0 = Release|Any CPU
		{EEBBE595-2478-40B1-A147-7F44E40A2686}.Debug|Any CPU.ActiveCfg = Debug|Any CPU
		{EEBBE595-2478-40B1-A147-7F44E40A2686}.Debug|Any CPU.Build.0 = Debug|Any CPU
		{EEBBE595-2478-40B1-A147-7F44E40A2686}.Debug|x86.ActiveCfg = Debug|Any CPU
		{EEBBE595-2478-40B1-A147-7F44E40A2686}.Debug|x86.Build.0 = Debug|Any CPU
		{EEBBE595-2478-40B1-A147-7F44E40A2686}.DebugGraphviz|Any CPU.ActiveCfg = Debug|Any CPU
		{EEBBE595-2478-40B1-A147-7F44E40A2686}.DebugGraphviz|Any CPU.Build.0 = Debug|Any CPU
		{EEBBE595-2478-40B1-A147-7F44E40A2686}.DebugGraphviz|x86.ActiveCfg = Debug|Any CPU
		{EEBBE595-2478-40B1-A147-7F44E40A2686}.DebugGraphviz|x86.Build.0 = Debug|Any CPU
		{EEBBE595-2478-40B1-A147-7F44E40A2686}.Release|Any CPU.ActiveCfg = Release|Any CPU
		{EEBBE595-2478-40B1-A147-7F44E40A2686}.Release|Any CPU.Build.0 = Release|Any CPU
		{EEBBE595-2478-40B1-A147-7F44E40A2686}.Release|x86.ActiveCfg = Release|Any CPU
		{EEBBE595-2478-40B1-A147-7F44E40A2686}.Release|x86.Build.0 = Release|Any CPU
		{836A5763-216D-4596-94B6-5F60E7F0655C}.Debug|Any CPU.ActiveCfg = Debug|Any CPU
		{836A5763-216D-4596-94B6-5F60E7F0655C}.Debug|Any CPU.Build.0 = Debug|Any CPU
		{836A5763-216D-4596-94B6-5F60E7F0655C}.Debug|x86.ActiveCfg = Debug|Any CPU
		{836A5763-216D-4596-94B6-5F60E7F0655C}.Debug|x86.Build.0 = Debug|Any CPU
		{836A5763-216D-4596-94B6-5F60E7F0655C}.DebugGraphviz|Any CPU.ActiveCfg = Debug|Any CPU
		{836A5763-216D-4596-94B6-5F60E7F0655C}.DebugGraphviz|Any CPU.Build.0 = Debug|Any CPU
		{836A5763-216D-4596-94B6-5F60E7F0655C}.DebugGraphviz|x86.ActiveCfg = Debug|Any CPU
		{836A5763-216D-4596-94B6-5F60E7F0655C}.DebugGraphviz|x86.Build.0 = Debug|Any CPU
		{836A5763-216D-4596-94B6-5F60E7F0655C}.Release|Any CPU.ActiveCfg = Release|Any CPU
		{836A5763-216D-4596-94B6-5F60E7F0655C}.Release|Any CPU.Build.0 = Release|Any CPU
		{836A5763-216D-4596-94B6-5F60E7F0655C}.Release|x86.ActiveCfg = Release|Any CPU
		{836A5763-216D-4596-94B6-5F60E7F0655C}.Release|x86.Build.0 = Release|Any CPU
		{88AF3957-A64A-4715-ADE5-3BE099034BDD}.Debug|Any CPU.ActiveCfg = Debug|Any CPU
		{88AF3957-A64A-4715-ADE5-3BE099034BDD}.Debug|Any CPU.Build.0 = Debug|Any CPU
		{88AF3957-A64A-4715-ADE5-3BE099034BDD}.Debug|x86.ActiveCfg = Debug|Any CPU
		{88AF3957-A64A-4715-ADE5-3BE099034BDD}.Debug|x86.Build.0 = Debug|Any CPU
		{88AF3957-A64A-4715-ADE5-3BE099034BDD}.DebugGraphviz|Any CPU.ActiveCfg = Debug|Any CPU
		{88AF3957-A64A-4715-ADE5-3BE099034BDD}.DebugGraphviz|Any CPU.Build.0 = Debug|Any CPU
		{88AF3957-A64A-4715-ADE5-3BE099034BDD}.DebugGraphviz|x86.ActiveCfg = Debug|Any CPU
		{88AF3957-A64A-4715-ADE5-3BE099034BDD}.DebugGraphviz|x86.Build.0 = Debug|Any CPU
		{88AF3957-A64A-4715-ADE5-3BE099034BDD}.Release|Any CPU.ActiveCfg = Release|Any CPU
		{88AF3957-A64A-4715-ADE5-3BE099034BDD}.Release|Any CPU.Build.0 = Release|Any CPU
		{88AF3957-A64A-4715-ADE5-3BE099034BDD}.Release|x86.ActiveCfg = Release|Any CPU
		{88AF3957-A64A-4715-ADE5-3BE099034BDD}.Release|x86.Build.0 = Release|Any CPU
		{98727837-F9FA-476C-B0B5-88845B53FDDF}.Debug|Any CPU.ActiveCfg = Debug|Any CPU
		{98727837-F9FA-476C-B0B5-88845B53FDDF}.Debug|Any CPU.Build.0 = Debug|Any CPU
		{98727837-F9FA-476C-B0B5-88845B53FDDF}.Debug|x86.ActiveCfg = Debug|Any CPU
		{98727837-F9FA-476C-B0B5-88845B53FDDF}.Debug|x86.Build.0 = Debug|Any CPU
		{98727837-F9FA-476C-B0B5-88845B53FDDF}.DebugGraphviz|Any CPU.ActiveCfg = Debug|Any CPU
		{98727837-F9FA-476C-B0B5-88845B53FDDF}.DebugGraphviz|Any CPU.Build.0 = Debug|Any CPU
		{98727837-F9FA-476C-B0B5-88845B53FDDF}.DebugGraphviz|x86.ActiveCfg = Debug|Any CPU
		{98727837-F9FA-476C-B0B5-88845B53FDDF}.DebugGraphviz|x86.Build.0 = Debug|Any CPU
		{98727837-F9FA-476C-B0B5-88845B53FDDF}.Release|Any CPU.ActiveCfg = Release|Any CPU
		{98727837-F9FA-476C-B0B5-88845B53FDDF}.Release|Any CPU.Build.0 = Release|Any CPU
		{98727837-F9FA-476C-B0B5-88845B53FDDF}.Release|x86.ActiveCfg = Release|Any CPU
		{98727837-F9FA-476C-B0B5-88845B53FDDF}.Release|x86.Build.0 = Release|Any CPU
		{CC787B80-B003-4F07-8DDD-0E7EF0E9E4CA}.Debug|Any CPU.ActiveCfg = Debug|Any CPU
		{CC787B80-B003-4F07-8DDD-0E7EF0E9E4CA}.Debug|Any CPU.Build.0 = Debug|Any CPU
		{CC787B80-B003-4F07-8DDD-0E7EF0E9E4CA}.Debug|x86.ActiveCfg = Debug|Any CPU
		{CC787B80-B003-4F07-8DDD-0E7EF0E9E4CA}.Debug|x86.Build.0 = Debug|Any CPU
		{CC787B80-B003-4F07-8DDD-0E7EF0E9E4CA}.DebugGraphviz|Any CPU.ActiveCfg = Debug|Any CPU
		{CC787B80-B003-4F07-8DDD-0E7EF0E9E4CA}.DebugGraphviz|Any CPU.Build.0 = Debug|Any CPU
		{CC787B80-B003-4F07-8DDD-0E7EF0E9E4CA}.DebugGraphviz|x86.ActiveCfg = Debug|Any CPU
		{CC787B80-B003-4F07-8DDD-0E7EF0E9E4CA}.DebugGraphviz|x86.Build.0 = Debug|Any CPU
		{CC787B80-B003-4F07-8DDD-0E7EF0E9E4CA}.Release|Any CPU.ActiveCfg = Release|Any CPU
		{CC787B80-B003-4F07-8DDD-0E7EF0E9E4CA}.Release|Any CPU.Build.0 = Release|Any CPU
		{CC787B80-B003-4F07-8DDD-0E7EF0E9E4CA}.Release|x86.ActiveCfg = Release|Any CPU
		{CC787B80-B003-4F07-8DDD-0E7EF0E9E4CA}.Release|x86.Build.0 = Release|Any CPU
		{FEC55A64-1B65-4D39-B5FA-D559D55BB190}.Debug|Any CPU.ActiveCfg = Debug|Any CPU
		{FEC55A64-1B65-4D39-B5FA-D559D55BB190}.Debug|Any CPU.Build.0 = Debug|Any CPU
		{FEC55A64-1B65-4D39-B5FA-D559D55BB190}.Debug|x86.ActiveCfg = Debug|Any CPU
		{FEC55A64-1B65-4D39-B5FA-D559D55BB190}.Debug|x86.Build.0 = Debug|Any CPU
		{FEC55A64-1B65-4D39-B5FA-D559D55BB190}.DebugGraphviz|Any CPU.ActiveCfg = Debug|Any CPU
		{FEC55A64-1B65-4D39-B5FA-D559D55BB190}.DebugGraphviz|Any CPU.Build.0 = Debug|Any CPU
		{FEC55A64-1B65-4D39-B5FA-D559D55BB190}.DebugGraphviz|x86.ActiveCfg = Debug|Any CPU
		{FEC55A64-1B65-4D39-B5FA-D559D55BB190}.DebugGraphviz|x86.Build.0 = Debug|Any CPU
		{FEC55A64-1B65-4D39-B5FA-D559D55BB190}.Release|Any CPU.ActiveCfg = Release|Any CPU
		{FEC55A64-1B65-4D39-B5FA-D559D55BB190}.Release|Any CPU.Build.0 = Release|Any CPU
		{FEC55A64-1B65-4D39-B5FA-D559D55BB190}.Release|x86.ActiveCfg = Release|Any CPU
		{FEC55A64-1B65-4D39-B5FA-D559D55BB190}.Release|x86.Build.0 = Release|Any CPU
		{0F58CE94-C0A3-4517-9FAF-6197BBE99FF7}.Debug|Any CPU.ActiveCfg = Debug|Any CPU
		{0F58CE94-C0A3-4517-9FAF-6197BBE99FF7}.Debug|Any CPU.Build.0 = Debug|Any CPU
		{0F58CE94-C0A3-4517-9FAF-6197BBE99FF7}.Debug|x86.ActiveCfg = Debug|x86
		{0F58CE94-C0A3-4517-9FAF-6197BBE99FF7}.Debug|x86.Build.0 = Debug|x86
		{0F58CE94-C0A3-4517-9FAF-6197BBE99FF7}.DebugGraphviz|Any CPU.ActiveCfg = DebugGraphviz|Any CPU
		{0F58CE94-C0A3-4517-9FAF-6197BBE99FF7}.DebugGraphviz|Any CPU.Build.0 = DebugGraphviz|Any CPU
		{0F58CE94-C0A3-4517-9FAF-6197BBE99FF7}.DebugGraphviz|x86.ActiveCfg = Debug|x86
		{0F58CE94-C0A3-4517-9FAF-6197BBE99FF7}.DebugGraphviz|x86.Build.0 = Debug|x86
		{0F58CE94-C0A3-4517-9FAF-6197BBE99FF7}.Release|Any CPU.ActiveCfg = Release|Any CPU
		{0F58CE94-C0A3-4517-9FAF-6197BBE99FF7}.Release|Any CPU.Build.0 = Release|Any CPU
		{0F58CE94-C0A3-4517-9FAF-6197BBE99FF7}.Release|x86.ActiveCfg = Release|x86
		{0F58CE94-C0A3-4517-9FAF-6197BBE99FF7}.Release|x86.Build.0 = Release|x86
		{AA275980-E6C1-4D84-A505-26703CF8E15A}.Debug|Any CPU.ActiveCfg = Debug|Any CPU
		{AA275980-E6C1-4D84-A505-26703CF8E15A}.Debug|Any CPU.Build.0 = Debug|Any CPU
		{AA275980-E6C1-4D84-A505-26703CF8E15A}.Debug|x86.ActiveCfg = Debug|Any CPU
		{AA275980-E6C1-4D84-A505-26703CF8E15A}.Debug|x86.Build.0 = Debug|Any CPU
		{AA275980-E6C1-4D84-A505-26703CF8E15A}.DebugGraphviz|Any CPU.ActiveCfg = Debug|Any CPU
		{AA275980-E6C1-4D84-A505-26703CF8E15A}.DebugGraphviz|Any CPU.Build.0 = Debug|Any CPU
		{AA275980-E6C1-4D84-A505-26703CF8E15A}.DebugGraphviz|x86.ActiveCfg = Debug|Any CPU
		{AA275980-E6C1-4D84-A505-26703CF8E15A}.DebugGraphviz|x86.Build.0 = Debug|Any CPU
		{AA275980-E6C1-4D84-A505-26703CF8E15A}.Release|Any CPU.ActiveCfg = Release|Any CPU
		{AA275980-E6C1-4D84-A505-26703CF8E15A}.Release|Any CPU.Build.0 = Release|Any CPU
		{AA275980-E6C1-4D84-A505-26703CF8E15A}.Release|x86.ActiveCfg = Release|Any CPU
		{AA275980-E6C1-4D84-A505-26703CF8E15A}.Release|x86.Build.0 = Release|Any CPU
		{0FBEE2FF-027B-4489-B94F-B5F6CAC26799}.Debug|Any CPU.ActiveCfg = Debug|Any CPU
		{0FBEE2FF-027B-4489-B94F-B5F6CAC26799}.Debug|Any CPU.Build.0 = Debug|Any CPU
		{0FBEE2FF-027B-4489-B94F-B5F6CAC26799}.Debug|x86.ActiveCfg = Debug|Any CPU
		{0FBEE2FF-027B-4489-B94F-B5F6CAC26799}.Debug|x86.Build.0 = Debug|Any CPU
		{0FBEE2FF-027B-4489-B94F-B5F6CAC26799}.DebugGraphviz|Any CPU.ActiveCfg = Debug|Any CPU
		{0FBEE2FF-027B-4489-B94F-B5F6CAC26799}.DebugGraphviz|Any CPU.Build.0 = Debug|Any CPU
		{0FBEE2FF-027B-4489-B94F-B5F6CAC26799}.DebugGraphviz|x86.ActiveCfg = Debug|Any CPU
		{0FBEE2FF-027B-4489-B94F-B5F6CAC26799}.DebugGraphviz|x86.Build.0 = Debug|Any CPU
		{0FBEE2FF-027B-4489-B94F-B5F6CAC26799}.Release|Any CPU.ActiveCfg = Release|Any CPU
		{0FBEE2FF-027B-4489-B94F-B5F6CAC26799}.Release|Any CPU.Build.0 = Release|Any CPU
		{0FBEE2FF-027B-4489-B94F-B5F6CAC26799}.Release|x86.ActiveCfg = Release|Any CPU
		{0FBEE2FF-027B-4489-B94F-B5F6CAC26799}.Release|x86.Build.0 = Release|Any CPU
		{82402704-16F1-476B-8670-6836340612F3}.Debug|Any CPU.ActiveCfg = Debug|Any CPU
		{82402704-16F1-476B-8670-6836340612F3}.Debug|Any CPU.Build.0 = Debug|Any CPU
		{82402704-16F1-476B-8670-6836340612F3}.Debug|x86.ActiveCfg = Debug|Any CPU
		{82402704-16F1-476B-8670-6836340612F3}.Debug|x86.Build.0 = Debug|Any CPU
		{82402704-16F1-476B-8670-6836340612F3}.DebugGraphviz|Any CPU.ActiveCfg = Debug|Any CPU
		{82402704-16F1-476B-8670-6836340612F3}.DebugGraphviz|Any CPU.Build.0 = Debug|Any CPU
		{82402704-16F1-476B-8670-6836340612F3}.DebugGraphviz|x86.ActiveCfg = Debug|Any CPU
		{82402704-16F1-476B-8670-6836340612F3}.DebugGraphviz|x86.Build.0 = Debug|Any CPU
		{82402704-16F1-476B-8670-6836340612F3}.Release|Any CPU.ActiveCfg = Release|Any CPU
		{82402704-16F1-476B-8670-6836340612F3}.Release|Any CPU.Build.0 = Release|Any CPU
		{82402704-16F1-476B-8670-6836340612F3}.Release|x86.ActiveCfg = Release|Any CPU
		{82402704-16F1-476B-8670-6836340612F3}.Release|x86.Build.0 = Release|Any CPU
		{85F53BDA-122E-4C9A-9F99-1E6A1D8AF439}.Debug|Any CPU.ActiveCfg = Debug|Any CPU
		{85F53BDA-122E-4C9A-9F99-1E6A1D8AF439}.Debug|Any CPU.Build.0 = Debug|Any CPU
		{85F53BDA-122E-4C9A-9F99-1E6A1D8AF439}.Debug|x86.ActiveCfg = Debug|Any CPU
		{85F53BDA-122E-4C9A-9F99-1E6A1D8AF439}.Debug|x86.Build.0 = Debug|Any CPU
		{85F53BDA-122E-4C9A-9F99-1E6A1D8AF439}.DebugGraphviz|Any CPU.ActiveCfg = Debug|Any CPU
		{85F53BDA-122E-4C9A-9F99-1E6A1D8AF439}.DebugGraphviz|Any CPU.Build.0 = Debug|Any CPU
		{85F53BDA-122E-4C9A-9F99-1E6A1D8AF439}.DebugGraphviz|x86.ActiveCfg = Debug|Any CPU
		{85F53BDA-122E-4C9A-9F99-1E6A1D8AF439}.DebugGraphviz|x86.Build.0 = Debug|Any CPU
		{85F53BDA-122E-4C9A-9F99-1E6A1D8AF439}.Release|Any CPU.ActiveCfg = Release|Any CPU
		{85F53BDA-122E-4C9A-9F99-1E6A1D8AF439}.Release|Any CPU.Build.0 = Release|Any CPU
		{85F53BDA-122E-4C9A-9F99-1E6A1D8AF439}.Release|x86.ActiveCfg = Release|Any CPU
		{85F53BDA-122E-4C9A-9F99-1E6A1D8AF439}.Release|x86.Build.0 = Release|Any CPU
		{BED34C43-39BD-406E-9350-223BEE9CD0EF}.Debug|Any CPU.ActiveCfg = Debug|Any CPU
		{BED34C43-39BD-406E-9350-223BEE9CD0EF}.Debug|Any CPU.Build.0 = Debug|Any CPU
		{BED34C43-39BD-406E-9350-223BEE9CD0EF}.Debug|x86.ActiveCfg = Debug|Any CPU
		{BED34C43-39BD-406E-9350-223BEE9CD0EF}.Debug|x86.Build.0 = Debug|Any CPU
		{BED34C43-39BD-406E-9350-223BEE9CD0EF}.DebugGraphviz|Any CPU.ActiveCfg = Debug|Any CPU
		{BED34C43-39BD-406E-9350-223BEE9CD0EF}.DebugGraphviz|Any CPU.Build.0 = Debug|Any CPU
		{BED34C43-39BD-406E-9350-223BEE9CD0EF}.DebugGraphviz|x86.ActiveCfg = Debug|Any CPU
		{BED34C43-39BD-406E-9350-223BEE9CD0EF}.DebugGraphviz|x86.Build.0 = Debug|Any CPU
		{BED34C43-39BD-406E-9350-223BEE9CD0EF}.Release|Any CPU.ActiveCfg = Release|Any CPU
		{BED34C43-39BD-406E-9350-223BEE9CD0EF}.Release|Any CPU.Build.0 = Release|Any CPU
		{BED34C43-39BD-406E-9350-223BEE9CD0EF}.Release|x86.ActiveCfg = Release|Any CPU
		{BED34C43-39BD-406E-9350-223BEE9CD0EF}.Release|x86.Build.0 = Release|Any CPU
	EndGlobalSection
	GlobalSection(SolutionProperties) = preSolution
		HideSolutionNode = FALSE
	EndGlobalSection
	GlobalSection(ExtensibilityGlobals) = postSolution
		SolutionGuid = {1A94D39C-705D-4039-B807-CC6456999135}
	EndGlobalSection
	GlobalSection(Performance) = preSolution
		HasPerformanceSessions = true
	EndGlobalSection
	GlobalSection(Performance) = preSolution
		HasPerformanceSessions = true
	EndGlobalSection
EndGlobal
